
Microsoft Visual Studio Solution File, Format Version 12.00
# Visual Studio Version 16
VisualStudioVersion = 16.0.33027.164
MinimumVisualStudioVersion = 10.0.40219.1
Project("{2150E333-8FDC-42A3-9474-1A3956D46DE8}") = "Proxy", "Proxy", "{AE5F6FA6-E9A0-495D-B7DB-F820E6F00703}"
EndProject
Project("{2150E333-8FDC-42A3-9474-1A3956D46DE8}") = "Visitor", "Visitor", "{B28C2081-945B-4977-AB55-A09BB7804789}"
EndProject
Project("{2150E333-8FDC-42A3-9474-1A3956D46DE8}") = "Singleton", "Singleton", "{A53BAFD3-E910-4FAB-8FB6-DF66B175882C}"
EndProject
Project("{2150E333-8FDC-42A3-9474-1A3956D46DE8}") = "Prototype", "Prototype", "{5005ED78-AFA8-4684-875A-79474C195CA6}"
EndProject
Project("{2150E333-8FDC-42A3-9474-1A3956D46DE8}") = "Memento", "Memento", "{CF56B7B4-A657-424E-8B43-B493E4D368F3}"
EndProject
Project("{2150E333-8FDC-42A3-9474-1A3956D46DE8}") = "Mediator", "Mediator", "{515B2F16-0AD5-4749-9E59-E656DE9EC723}"
EndProject
Project("{2150E333-8FDC-42A3-9474-1A3956D46DE8}") = "Iterator", "Iterator", "{13EB2779-874D-4A4C-9B29-EF541F0DCF30}"
EndProject
Project("{2150E333-8FDC-42A3-9474-1A3956D46DE8}") = "Interpreter", "Interpreter", "{5315DD30-2050-45B2-B7B9-2A63DD4AEE98}"
EndProject
Project("{2150E333-8FDC-42A3-9474-1A3956D46DE8}") = "FactoryMethod", "FactoryMethod", "{2ED95764-7185-426A-956F-CCB4394FAD54}"
EndProject
Project("{2150E333-8FDC-42A3-9474-1A3956D46DE8}") = "Builder", "Builder", "{8EB6E636-EC99-47D3-B60A-F556ADF978FF}"
EndProject
Project("{2150E333-8FDC-42A3-9474-1A3956D46DE8}") = "AbstractFactory", "AbstractFactory", "{168763A5-90E9-4A7E-9E58-8CA6C614CA29}"
EndProject
Project("{2150E333-8FDC-42A3-9474-1A3956D46DE8}") = "Adapter", "Adapter", "{9D240DA0-7DBE-4006-BEB8-1C8A045984B0}"
EndProject
Project("{9A19103F-16F7-4668-BE54-9A1E7A4F7556}") = "AdapterPattern", "AdapterPattern\AdapterPattern.csproj", "{65327636-30D5-4198-9D8B-CA7A182BF0C4}"
EndProject
Project("{2150E333-8FDC-42A3-9474-1A3956D46DE8}") = "ChainsOfResponsability", "ChainsOfResponsability", "{FDDAA357-AD01-4305-87D6-2820F719DCB8}"
EndProject
Project("{2150E333-8FDC-42A3-9474-1A3956D46DE8}") = "Command", "Command", "{72A9C86E-BC39-4F43-AF09-D47EDC7B9A97}"
EndProject
Project("{2150E333-8FDC-42A3-9474-1A3956D46DE8}") = "Composite", "Composite", "{54AE8049-F6FC-4422-BA35-DA8E4FEABCA7}"
EndProject
Project("{9A19103F-16F7-4668-BE54-9A1E7A4F7556}") = "CompositePattern", "CompositePattern\CompositePattern.csproj", "{C688425E-B8AF-4867-8AEE-2FCD8AAE36B5}"
EndProject
Project("{2150E333-8FDC-42A3-9474-1A3956D46DE8}") = "Decorator", "Decorator", "{A08FA049-80D1-497C-9674-3573FD2F7307}"
EndProject
Project("{9A19103F-16F7-4668-BE54-9A1E7A4F7556}") = "DecoratorPattern", "DecoratorPattern\DecoratorPattern.csproj", "{4239C510-646F-44D2-B3CA-F25D01E8B006}"
EndProject
Project("{2150E333-8FDC-42A3-9474-1A3956D46DE8}") = "Observer", "Observer", "{2C229B45-125B-4144-9FCF-27C13C201581}"
EndProject
Project("{9A19103F-16F7-4668-BE54-9A1E7A4F7556}") = "ObserverPattern", "ObserverPattern\ObserverPattern.csproj", "{50D88FD6-33D9-448A-ADD2-F34B35ACF8B2}"
EndProject
Project("{2150E333-8FDC-42A3-9474-1A3956D46DE8}") = "State", "State", "{187AC8D8-7617-4B83-8848-C33604EB800E}"
EndProject
Project("{2150E333-8FDC-42A3-9474-1A3956D46DE8}") = "Strategy", "Strategy", "{50F7E0A2-B01D-43C8-8CFE-4ED77C855CA1}"
EndProject
Project("{2150E333-8FDC-42A3-9474-1A3956D46DE8}") = "Template", "Template", "{44DEE132-2702-47A8-8085-C343392C09EA}"
EndProject
Project("{9A19103F-16F7-4668-BE54-9A1E7A4F7556}") = "AbstractFactory", "AbstractFactoryPattern\AbstractFactory\AbstractFactory.csproj", "{6955E790-A77A-45D7-9717-3E67F255CEBD}"
EndProject
Project("{9A19103F-16F7-4668-BE54-9A1E7A4F7556}") = "AbstractFactoryPattern", "AbstractFactoryPattern\AbstractFactoryPattern\AbstractFactoryPattern.csproj", "{85DC2762-5D6A-4D90-B6ED-954A99A0F4F9}"
EndProject
Project("{9A19103F-16F7-4668-BE54-9A1E7A4F7556}") = "BuilderPattern", "BuilderPattern\BuilderPattern\BuilderPattern.csproj", "{DE9D8D80-C241-49FB-95D6-8A727A3A1B02}"
EndProject
Project("{9A19103F-16F7-4668-BE54-9A1E7A4F7556}") = "BuilderPattern.Models", "BuilderPattern\BuilderPattern.Models\BuilderPattern.Models.csproj", "{A05D160F-7730-4986-83D7-0346B78139EF}"
EndProject
Project("{9A19103F-16F7-4668-BE54-9A1E7A4F7556}") = "FactoryMethod", "FactoryMethodPattern\FactoryMethod\FactoryMethod.csproj", "{5E67470F-DE01-43CE-BC1A-F9F5BD791F4C}"
EndProject
Project("{9A19103F-16F7-4668-BE54-9A1E7A4F7556}") = "FactoryMethodPattern", "FactoryMethodPattern\FactoryMethodPattern\FactoryMethodPattern.csproj", "{637C6277-6CCA-428B-9483-6158963F49A7}"
EndProject
Project("{9A19103F-16F7-4668-BE54-9A1E7A4F7556}") = "InterpreterPattern.Core", "InterpreterPattern\InterpreterPattern.Core\InterpreterPattern.Core.csproj", "{3AA984DC-22BE-41DE-B156-61941F3A0761}"
EndProject
Project("{9A19103F-16F7-4668-BE54-9A1E7A4F7556}") = "InterpreterPattern.UI", "InterpreterPattern\InterpreterPattern.UI\InterpreterPattern.UI.csproj", "{AB7FB77C-5D28-490F-A4EC-0FCBD2A366B1}"
EndProject
Project("{9A19103F-16F7-4668-BE54-9A1E7A4F7556}") = "IteratorPattern", "IteratorPattern\IteratorPattern\IteratorPattern.csproj", "{ABB10CF3-54F1-4C7A-8E16-5B5D158B0591}"
EndProject
Project("{FAE04EC0-301F-11D3-BF4B-00C04F79EFBC}") = "MediatorPattern.App", "MediatorPattern\MediatorPattern.Application\MediatorPattern.App.csproj", "{5C9DCA5B-E4D8-449A-B9CD-AE5CCF8FD5F2}"
EndProject
Project("{9A19103F-16F7-4668-BE54-9A1E7A4F7556}") = "MediatorPattern.Core", "MediatorPattern\MediatorPattern.Core\MediatorPattern.Core.csproj", "{1907407A-F864-4697-A7B7-EA4A3FE976BD}"
EndProject
Project("{9A19103F-16F7-4668-BE54-9A1E7A4F7556}") = "MementoPattern", "MementoPattern\MementoPattern\MementoPattern.csproj", "{C5496796-86C7-48FE-B897-1C8E3CAD41B8}"
EndProject
Project("{9A19103F-16F7-4668-BE54-9A1E7A4F7556}") = "MementoPattern.Models", "MementoPattern\MementoPattern.Models\MementoPattern.Models.csproj", "{90EFE387-2175-4E28-8DAC-F6E2015A5BDB}"
EndProject
Project("{9A19103F-16F7-4668-BE54-9A1E7A4F7556}") = "PrototypePattern", "PrototypePattern\PrototypePattern\PrototypePattern.csproj", "{517188AC-2B38-4DC2-AABE-B24A232C4533}"
EndProject
Project("{9A19103F-16F7-4668-BE54-9A1E7A4F7556}") = "PrototypePattern.Models", "PrototypePattern\PrototypePattern.Models\PrototypePattern.Models.csproj", "{35D85453-F0A7-43FD-9B9C-462F18E7644C}"
EndProject
Project("{9A19103F-16F7-4668-BE54-9A1E7A4F7556}") = "ProxyPattern", "ProxyPattern\ProxyPattern\ProxyPattern.csproj", "{AE4AAE0F-AE2F-4D56-BAE1-7E722E2DB32F}"
EndProject
Project("{9A19103F-16F7-4668-BE54-9A1E7A4F7556}") = "ProxyPattern.Core", "ProxyPattern\ProxyPattern.Core\ProxyPattern.Core.csproj", "{F2CE7480-3697-4E2B-A06B-6B37440EBAEF}"
EndProject
Project("{9A19103F-16F7-4668-BE54-9A1E7A4F7556}") = "ProxyPattern.Proxy", "ProxyPattern\ProxyPattern.Proxy\ProxyPattern.Proxy.csproj", "{BB00A181-4C19-4C28-BE98-FAE7EC348A5A}"
EndProject
Project("{9A19103F-16F7-4668-BE54-9A1E7A4F7556}") = "SingletonPattern", "SingletonPattern\SingletonPattern\SingletonPattern.csproj", "{F57911D0-5659-4CBC-A719-3BDEA8993097}"
EndProject
Project("{9A19103F-16F7-4668-BE54-9A1E7A4F7556}") = "SingletonPattern.Models", "SingletonPattern\SingletonPattern.Models\SingletonPattern.Models.csproj", "{8B3418AC-2BAC-4D88-BAC2-67AFBED4DEC4}"
EndProject
Project("{9A19103F-16F7-4668-BE54-9A1E7A4F7556}") = "VisitorPattern", "VisitorPattern\VisitorPattern\VisitorPattern.csproj", "{F4DF86F5-7BAE-487E-925A-02FC68F012C1}"
EndProject
Project("{9A19103F-16F7-4668-BE54-9A1E7A4F7556}") = "VisitorPattern.Models", "VisitorPattern\VisitorPattern.Models\VisitorPattern.Models.csproj", "{FFED456D-80F8-4E3C-A603-08C11BEF654A}"
EndProject
Project("{9A19103F-16F7-4668-BE54-9A1E7A4F7556}") = "ChainsOfResponsability.Models", "ChainsOfResponsability\ChainsOfResponsability.Models\ChainsOfResponsability.Models.csproj", "{E8B9DD6E-94EA-4341-BE7E-1076A422B2A4}"
EndProject
Project("{9A19103F-16F7-4668-BE54-9A1E7A4F7556}") = "ChainsOfResponsabilityPattern", "ChainsOfResponsability\ChainsOfResponsabilityPattern\ChainsOfResponsabilityPattern.csproj", "{C6483AE7-9642-4107-80B3-63D9F4FF593D}"
EndProject
Project("{9A19103F-16F7-4668-BE54-9A1E7A4F7556}") = "CommandPattern", "Command\CommandPattern\CommandPattern.csproj", "{7FB62F93-2E14-4B69-8A44-E471852A57DF}"
EndProject
Project("{9A19103F-16F7-4668-BE54-9A1E7A4F7556}") = "CommandPattern.Models", "Command\CommandPattern.Models\CommandPattern.Models.csproj", "{44009BD8-80BB-47B1-A301-939934EEDB32}"
EndProject
Project("{9A19103F-16F7-4668-BE54-9A1E7A4F7556}") = "StatePattern", "State\StatePattern\StatePattern.csproj", "{FEA2D345-20D7-44B6-AE6B-5661C2864ABC}"
EndProject
Project("{9A19103F-16F7-4668-BE54-9A1E7A4F7556}") = "StatePattern.Core", "State\StatePattern.Core\StatePattern.Core.csproj", "{46231C4B-0DF1-4858-87A2-BFF26E933190}"
EndProject
Project("{9A19103F-16F7-4668-BE54-9A1E7A4F7556}") = "StrategyPattern", "Strategy\StrategyPattern\StrategyPattern.csproj", "{EDF925C3-F847-4323-A320-4965A3FEFB8D}"
EndProject
Project("{9A19103F-16F7-4668-BE54-9A1E7A4F7556}") = "StrategyPattern.Models", "Strategy\StrategyPattern.Models\StrategyPattern.Models.csproj", "{840E3C49-26A9-4DAC-86B5-0BCFFB17E8A5}"
EndProject
Project("{9A19103F-16F7-4668-BE54-9A1E7A4F7556}") = "TemplatePattern", "Template\TemplatePattern\TemplatePattern.csproj", "{63EFAA7D-4F8D-4E34-8407-BBAA16CCE5F9}"
EndProject
Project("{9A19103F-16F7-4668-BE54-9A1E7A4F7556}") = "TemplatePattern.Core", "Template\TemplatePattern.Core\TemplatePattern.Core.csproj", "{0035A078-7052-421C-8F72-08C3CF423718}"
EndProject
Global
	GlobalSection(SolutionConfigurationPlatforms) = preSolution
		Debug|Any CPU = Debug|Any CPU
		Release|Any CPU = Release|Any CPU
	EndGlobalSection
	GlobalSection(ProjectConfigurationPlatforms) = postSolution
		{65327636-30D5-4198-9D8B-CA7A182BF0C4}.Debug|Any CPU.ActiveCfg = Debug|Any CPU
		{65327636-30D5-4198-9D8B-CA7A182BF0C4}.Debug|Any CPU.Build.0 = Debug|Any CPU
		{65327636-30D5-4198-9D8B-CA7A182BF0C4}.Release|Any CPU.ActiveCfg = Release|Any CPU
		{65327636-30D5-4198-9D8B-CA7A182BF0C4}.Release|Any CPU.Build.0 = Release|Any CPU
		{C688425E-B8AF-4867-8AEE-2FCD8AAE36B5}.Debug|Any CPU.ActiveCfg = Debug|Any CPU
		{C688425E-B8AF-4867-8AEE-2FCD8AAE36B5}.Debug|Any CPU.Build.0 = Debug|Any CPU
		{C688425E-B8AF-4867-8AEE-2FCD8AAE36B5}.Release|Any CPU.ActiveCfg = Release|Any CPU
		{C688425E-B8AF-4867-8AEE-2FCD8AAE36B5}.Release|Any CPU.Build.0 = Release|Any CPU
		{4239C510-646F-44D2-B3CA-F25D01E8B006}.Debug|Any CPU.ActiveCfg = Debug|Any CPU
		{4239C510-646F-44D2-B3CA-F25D01E8B006}.Debug|Any CPU.Build.0 = Debug|Any CPU
		{4239C510-646F-44D2-B3CA-F25D01E8B006}.Release|Any CPU.ActiveCfg = Release|Any CPU
		{4239C510-646F-44D2-B3CA-F25D01E8B006}.Release|Any CPU.Build.0 = Release|Any CPU
		{50D88FD6-33D9-448A-ADD2-F34B35ACF8B2}.Debug|Any CPU.ActiveCfg = Debug|Any CPU
		{50D88FD6-33D9-448A-ADD2-F34B35ACF8B2}.Debug|Any CPU.Build.0 = Debug|Any CPU
		{50D88FD6-33D9-448A-ADD2-F34B35ACF8B2}.Release|Any CPU.ActiveCfg = Release|Any CPU
		{50D88FD6-33D9-448A-ADD2-F34B35ACF8B2}.Release|Any CPU.Build.0 = Release|Any CPU
		{6955E790-A77A-45D7-9717-3E67F255CEBD}.Debug|Any CPU.ActiveCfg = Debug|Any CPU
		{6955E790-A77A-45D7-9717-3E67F255CEBD}.Debug|Any CPU.Build.0 = Debug|Any CPU
		{6955E790-A77A-45D7-9717-3E67F255CEBD}.Release|Any CPU.ActiveCfg = Release|Any CPU
		{6955E790-A77A-45D7-9717-3E67F255CEBD}.Release|Any CPU.Build.0 = Release|Any CPU
		{85DC2762-5D6A-4D90-B6ED-954A99A0F4F9}.Debug|Any CPU.ActiveCfg = Debug|Any CPU
		{85DC2762-5D6A-4D90-B6ED-954A99A0F4F9}.Debug|Any CPU.Build.0 = Debug|Any CPU
		{85DC2762-5D6A-4D90-B6ED-954A99A0F4F9}.Release|Any CPU.ActiveCfg = Release|Any CPU
		{85DC2762-5D6A-4D90-B6ED-954A99A0F4F9}.Release|Any CPU.Build.0 = Release|Any CPU
		{DE9D8D80-C241-49FB-95D6-8A727A3A1B02}.Debug|Any CPU.ActiveCfg = Debug|Any CPU
		{DE9D8D80-C241-49FB-95D6-8A727A3A1B02}.Debug|Any CPU.Build.0 = Debug|Any CPU
		{DE9D8D80-C241-49FB-95D6-8A727A3A1B02}.Release|Any CPU.ActiveCfg = Release|Any CPU
		{DE9D8D80-C241-49FB-95D6-8A727A3A1B02}.Release|Any CPU.Build.0 = Release|Any CPU
		{A05D160F-7730-4986-83D7-0346B78139EF}.Debug|Any CPU.ActiveCfg = Debug|Any CPU
		{A05D160F-7730-4986-83D7-0346B78139EF}.Debug|Any CPU.Build.0 = Debug|Any CPU
		{A05D160F-7730-4986-83D7-0346B78139EF}.Release|Any CPU.ActiveCfg = Release|Any CPU
		{A05D160F-7730-4986-83D7-0346B78139EF}.Release|Any CPU.Build.0 = Release|Any CPU
		{5E67470F-DE01-43CE-BC1A-F9F5BD791F4C}.Debug|Any CPU.ActiveCfg = Debug|Any CPU
		{5E67470F-DE01-43CE-BC1A-F9F5BD791F4C}.Debug|Any CPU.Build.0 = Debug|Any CPU
		{5E67470F-DE01-43CE-BC1A-F9F5BD791F4C}.Release|Any CPU.ActiveCfg = Release|Any CPU
		{5E67470F-DE01-43CE-BC1A-F9F5BD791F4C}.Release|Any CPU.Build.0 = Release|Any CPU
		{637C6277-6CCA-428B-9483-6158963F49A7}.Debug|Any CPU.ActiveCfg = Debug|Any CPU
		{637C6277-6CCA-428B-9483-6158963F49A7}.Debug|Any CPU.Build.0 = Debug|Any CPU
		{637C6277-6CCA-428B-9483-6158963F49A7}.Release|Any CPU.ActiveCfg = Release|Any CPU
		{637C6277-6CCA-428B-9483-6158963F49A7}.Release|Any CPU.Build.0 = Release|Any CPU
		{3AA984DC-22BE-41DE-B156-61941F3A0761}.Debug|Any CPU.ActiveCfg = Debug|Any CPU
		{3AA984DC-22BE-41DE-B156-61941F3A0761}.Debug|Any CPU.Build.0 = Debug|Any CPU
		{3AA984DC-22BE-41DE-B156-61941F3A0761}.Release|Any CPU.ActiveCfg = Release|Any CPU
		{3AA984DC-22BE-41DE-B156-61941F3A0761}.Release|Any CPU.Build.0 = Release|Any CPU
		{AB7FB77C-5D28-490F-A4EC-0FCBD2A366B1}.Debug|Any CPU.ActiveCfg = Debug|Any CPU
		{AB7FB77C-5D28-490F-A4EC-0FCBD2A366B1}.Debug|Any CPU.Build.0 = Debug|Any CPU
		{AB7FB77C-5D28-490F-A4EC-0FCBD2A366B1}.Release|Any CPU.ActiveCfg = Release|Any CPU
		{AB7FB77C-5D28-490F-A4EC-0FCBD2A366B1}.Release|Any CPU.Build.0 = Release|Any CPU
		{ABB10CF3-54F1-4C7A-8E16-5B5D158B0591}.Debug|Any CPU.ActiveCfg = Debug|Any CPU
		{ABB10CF3-54F1-4C7A-8E16-5B5D158B0591}.Debug|Any CPU.Build.0 = Debug|Any CPU
		{ABB10CF3-54F1-4C7A-8E16-5B5D158B0591}.Release|Any CPU.ActiveCfg = Release|Any CPU
		{ABB10CF3-54F1-4C7A-8E16-5B5D158B0591}.Release|Any CPU.Build.0 = Release|Any CPU
		{5C9DCA5B-E4D8-449A-B9CD-AE5CCF8FD5F2}.Debug|Any CPU.ActiveCfg = Debug|Any CPU
		{5C9DCA5B-E4D8-449A-B9CD-AE5CCF8FD5F2}.Debug|Any CPU.Build.0 = Debug|Any CPU
		{5C9DCA5B-E4D8-449A-B9CD-AE5CCF8FD5F2}.Release|Any CPU.ActiveCfg = Release|Any CPU
		{5C9DCA5B-E4D8-449A-B9CD-AE5CCF8FD5F2}.Release|Any CPU.Build.0 = Release|Any CPU
		{1907407A-F864-4697-A7B7-EA4A3FE976BD}.Debug|Any CPU.ActiveCfg = Debug|Any CPU
		{1907407A-F864-4697-A7B7-EA4A3FE976BD}.Debug|Any CPU.Build.0 = Debug|Any CPU
		{1907407A-F864-4697-A7B7-EA4A3FE976BD}.Release|Any CPU.ActiveCfg = Release|Any CPU
		{1907407A-F864-4697-A7B7-EA4A3FE976BD}.Release|Any CPU.Build.0 = Release|Any CPU
		{C5496796-86C7-48FE-B897-1C8E3CAD41B8}.Debug|Any CPU.ActiveCfg = Debug|Any CPU
		{C5496796-86C7-48FE-B897-1C8E3CAD41B8}.Debug|Any CPU.Build.0 = Debug|Any CPU
		{C5496796-86C7-48FE-B897-1C8E3CAD41B8}.Release|Any CPU.ActiveCfg = Release|Any CPU
		{C5496796-86C7-48FE-B897-1C8E3CAD41B8}.Release|Any CPU.Build.0 = Release|Any CPU
		{90EFE387-2175-4E28-8DAC-F6E2015A5BDB}.Debug|Any CPU.ActiveCfg = Debug|Any CPU
		{90EFE387-2175-4E28-8DAC-F6E2015A5BDB}.Debug|Any CPU.Build.0 = Debug|Any CPU
		{90EFE387-2175-4E28-8DAC-F6E2015A5BDB}.Release|Any CPU.ActiveCfg = Release|Any CPU
		{90EFE387-2175-4E28-8DAC-F6E2015A5BDB}.Release|Any CPU.Build.0 = Release|Any CPU
		{517188AC-2B38-4DC2-AABE-B24A232C4533}.Debug|Any CPU.ActiveCfg = Debug|Any CPU
		{517188AC-2B38-4DC2-AABE-B24A232C4533}.Debug|Any CPU.Build.0 = Debug|Any CPU
		{517188AC-2B38-4DC2-AABE-B24A232C4533}.Release|Any CPU.ActiveCfg = Release|Any CPU
		{517188AC-2B38-4DC2-AABE-B24A232C4533}.Release|Any CPU.Build.0 = Release|Any CPU
		{35D85453-F0A7-43FD-9B9C-462F18E7644C}.Debug|Any CPU.ActiveCfg = Debug|Any CPU
		{35D85453-F0A7-43FD-9B9C-462F18E7644C}.Debug|Any CPU.Build.0 = Debug|Any CPU
		{35D85453-F0A7-43FD-9B9C-462F18E7644C}.Release|Any CPU.ActiveCfg = Release|Any CPU
		{35D85453-F0A7-43FD-9B9C-462F18E7644C}.Release|Any CPU.Build.0 = Release|Any CPU
		{AE4AAE0F-AE2F-4D56-BAE1-7E722E2DB32F}.Debug|Any CPU.ActiveCfg = Debug|Any CPU
		{AE4AAE0F-AE2F-4D56-BAE1-7E722E2DB32F}.Debug|Any CPU.Build.0 = Debug|Any CPU
		{AE4AAE0F-AE2F-4D56-BAE1-7E722E2DB32F}.Release|Any CPU.ActiveCfg = Release|Any CPU
		{AE4AAE0F-AE2F-4D56-BAE1-7E722E2DB32F}.Release|Any CPU.Build.0 = Release|Any CPU
		{F2CE7480-3697-4E2B-A06B-6B37440EBAEF}.Debug|Any CPU.ActiveCfg = Debug|Any CPU
		{F2CE7480-3697-4E2B-A06B-6B37440EBAEF}.Debug|Any CPU.Build.0 = Debug|Any CPU
		{F2CE7480-3697-4E2B-A06B-6B37440EBAEF}.Release|Any CPU.ActiveCfg = Release|Any CPU
		{F2CE7480-3697-4E2B-A06B-6B37440EBAEF}.Release|Any CPU.Build.0 = Release|Any CPU
		{BB00A181-4C19-4C28-BE98-FAE7EC348A5A}.Debug|Any CPU.ActiveCfg = Debug|Any CPU
		{BB00A181-4C19-4C28-BE98-FAE7EC348A5A}.Debug|Any CPU.Build.0 = Debug|Any CPU
		{BB00A181-4C19-4C28-BE98-FAE7EC348A5A}.Release|Any CPU.ActiveCfg = Release|Any CPU
		{BB00A181-4C19-4C28-BE98-FAE7EC348A5A}.Release|Any CPU.Build.0 = Release|Any CPU
		{F57911D0-5659-4CBC-A719-3BDEA8993097}.Debug|Any CPU.ActiveCfg = Debug|Any CPU
		{F57911D0-5659-4CBC-A719-3BDEA8993097}.Debug|Any CPU.Build.0 = Debug|Any CPU
		{F57911D0-5659-4CBC-A719-3BDEA8993097}.Release|Any CPU.ActiveCfg = Release|Any CPU
		{F57911D0-5659-4CBC-A719-3BDEA8993097}.Release|Any CPU.Build.0 = Release|Any CPU
		{8B3418AC-2BAC-4D88-BAC2-67AFBED4DEC4}.Debug|Any CPU.ActiveCfg = Debug|Any CPU
		{8B3418AC-2BAC-4D88-BAC2-67AFBED4DEC4}.Debug|Any CPU.Build.0 = Debug|Any CPU
		{8B3418AC-2BAC-4D88-BAC2-67AFBED4DEC4}.Release|Any CPU.ActiveCfg = Release|Any CPU
		{8B3418AC-2BAC-4D88-BAC2-67AFBED4DEC4}.Release|Any CPU.Build.0 = Release|Any CPU
		{F4DF86F5-7BAE-487E-925A-02FC68F012C1}.Debug|Any CPU.ActiveCfg = Debug|Any CPU
		{F4DF86F5-7BAE-487E-925A-02FC68F012C1}.Debug|Any CPU.Build.0 = Debug|Any CPU
		{F4DF86F5-7BAE-487E-925A-02FC68F012C1}.Release|Any CPU.ActiveCfg = Release|Any CPU
		{F4DF86F5-7BAE-487E-925A-02FC68F012C1}.Release|Any CPU.Build.0 = Release|Any CPU
		{FFED456D-80F8-4E3C-A603-08C11BEF654A}.Debug|Any CPU.ActiveCfg = Debug|Any CPU
		{FFED456D-80F8-4E3C-A603-08C11BEF654A}.Debug|Any CPU.Build.0 = Debug|Any CPU
		{FFED456D-80F8-4E3C-A603-08C11BEF654A}.Release|Any CPU.ActiveCfg = Release|Any CPU
		{FFED456D-80F8-4E3C-A603-08C11BEF654A}.Release|Any CPU.Build.0 = Release|Any CPU
		{E8B9DD6E-94EA-4341-BE7E-1076A422B2A4}.Debug|Any CPU.ActiveCfg = Debug|Any CPU
		{E8B9DD6E-94EA-4341-BE7E-1076A422B2A4}.Debug|Any CPU.Build.0 = Debug|Any CPU
		{E8B9DD6E-94EA-4341-BE7E-1076A422B2A4}.Release|Any CPU.ActiveCfg = Release|Any CPU
		{E8B9DD6E-94EA-4341-BE7E-1076A422B2A4}.Release|Any CPU.Build.0 = Release|Any CPU
		{C6483AE7-9642-4107-80B3-63D9F4FF593D}.Debug|Any CPU.ActiveCfg = Debug|Any CPU
		{C6483AE7-9642-4107-80B3-63D9F4FF593D}.Debug|Any CPU.Build.0 = Debug|Any CPU
		{C6483AE7-9642-4107-80B3-63D9F4FF593D}.Release|Any CPU.ActiveCfg = Release|Any CPU
		{C6483AE7-9642-4107-80B3-63D9F4FF593D}.Release|Any CPU.Build.0 = Release|Any CPU
		{7FB62F93-2E14-4B69-8A44-E471852A57DF}.Debug|Any CPU.ActiveCfg = Debug|Any CPU
		{7FB62F93-2E14-4B69-8A44-E471852A57DF}.Debug|Any CPU.Build.0 = Debug|Any CPU
		{7FB62F93-2E14-4B69-8A44-E471852A57DF}.Release|Any CPU.ActiveCfg = Release|Any CPU
		{7FB62F93-2E14-4B69-8A44-E471852A57DF}.Release|Any CPU.Build.0 = Release|Any CPU
		{44009BD8-80BB-47B1-A301-939934EEDB32}.Debug|Any CPU.ActiveCfg = Debug|Any CPU
		{44009BD8-80BB-47B1-A301-939934EEDB32}.Debug|Any CPU.Build.0 = Debug|Any CPU
		{44009BD8-80BB-47B1-A301-939934EEDB32}.Release|Any CPU.ActiveCfg = Release|Any CPU
		{44009BD8-80BB-47B1-A301-939934EEDB32}.Release|Any CPU.Build.0 = Release|Any CPU
		{FEA2D345-20D7-44B6-AE6B-5661C2864ABC}.Debug|Any CPU.ActiveCfg = Debug|Any CPU
		{FEA2D345-20D7-44B6-AE6B-5661C2864ABC}.Debug|Any CPU.Build.0 = Debug|Any CPU
		{FEA2D345-20D7-44B6-AE6B-5661C2864ABC}.Release|Any CPU.ActiveCfg = Release|Any CPU
		{FEA2D345-20D7-44B6-AE6B-5661C2864ABC}.Release|Any CPU.Build.0 = Release|Any CPU
		{46231C4B-0DF1-4858-87A2-BFF26E933190}.Debug|Any CPU.ActiveCfg = Debug|Any CPU
		{46231C4B-0DF1-4858-87A2-BFF26E933190}.Debug|Any CPU.Build.0 = Debug|Any CPU
		{46231C4B-0DF1-4858-87A2-BFF26E933190}.Release|Any CPU.ActiveCfg = Release|Any CPU
		{46231C4B-0DF1-4858-87A2-BFF26E933190}.Release|Any CPU.Build.0 = Release|Any CPU
		{EDF925C3-F847-4323-A320-4965A3FEFB8D}.Debug|Any CPU.ActiveCfg = Debug|Any CPU
		{EDF925C3-F847-4323-A320-4965A3FEFB8D}.Debug|Any CPU.Build.0 = Debug|Any CPU
		{EDF925C3-F847-4323-A320-4965A3FEFB8D}.Release|Any CPU.ActiveCfg = Release|Any CPU
		{EDF925C3-F847-4323-A320-4965A3FEFB8D}.Release|Any CPU.Build.0 = Release|Any CPU
		{840E3C49-26A9-4DAC-86B5-0BCFFB17E8A5}.Debug|Any CPU.ActiveCfg = Debug|Any CPU
		{840E3C49-26A9-4DAC-86B5-0BCFFB17E8A5}.Debug|Any CPU.Build.0 = Debug|Any CPU
		{840E3C49-26A9-4DAC-86B5-0BCFFB17E8A5}.Release|Any CPU.ActiveCfg = Release|Any CPU
		{840E3C49-26A9-4DAC-86B5-0BCFFB17E8A5}.Release|Any CPU.Build.0 = Release|Any CPU
		{63EFAA7D-4F8D-4E34-8407-BBAA16CCE5F9}.Debug|Any CPU.ActiveCfg = Debug|Any CPU
		{63EFAA7D-4F8D-4E34-8407-BBAA16CCE5F9}.Debug|Any CPU.Build.0 = Debug|Any CPU
		{63EFAA7D-4F8D-4E34-8407-BBAA16CCE5F9}.Release|Any CPU.ActiveCfg = Release|Any CPU
		{63EFAA7D-4F8D-4E34-8407-BBAA16CCE5F9}.Release|Any CPU.Build.0 = Release|Any CPU
		{0035A078-7052-421C-8F72-08C3CF423718}.Debug|Any CPU.ActiveCfg = Debug|Any CPU
		{0035A078-7052-421C-8F72-08C3CF423718}.Debug|Any CPU.Build.0 = Debug|Any CPU
		{0035A078-7052-421C-8F72-08C3CF423718}.Release|Any CPU.ActiveCfg = Release|Any CPU
		{0035A078-7052-421C-8F72-08C3CF423718}.Release|Any CPU.Build.0 = Release|Any CPU
	EndGlobalSection
	GlobalSection(SolutionProperties) = preSolution
		HideSolutionNode = FALSE
	EndGlobalSection
	GlobalSection(NestedProjects) = preSolution
		{65327636-30D5-4198-9D8B-CA7A182BF0C4} = {9D240DA0-7DBE-4006-BEB8-1C8A045984B0}
		{C688425E-B8AF-4867-8AEE-2FCD8AAE36B5} = {54AE8049-F6FC-4422-BA35-DA8E4FEABCA7}
		{4239C510-646F-44D2-B3CA-F25D01E8B006} = {A08FA049-80D1-497C-9674-3573FD2F7307}
		{50D88FD6-33D9-448A-ADD2-F34B35ACF8B2} = {2C229B45-125B-4144-9FCF-27C13C201581}
		{6955E790-A77A-45D7-9717-3E67F255CEBD} = {168763A5-90E9-4A7E-9E58-8CA6C614CA29}
		{85DC2762-5D6A-4D90-B6ED-954A99A0F4F9} = {168763A5-90E9-4A7E-9E58-8CA6C614CA29}
		{DE9D8D80-C241-49FB-95D6-8A727A3A1B02} = {8EB6E636-EC99-47D3-B60A-F556ADF978FF}
		{A05D160F-7730-4986-83D7-0346B78139EF} = {8EB6E636-EC99-47D3-B60A-F556ADF978FF}
		{5E67470F-DE01-43CE-BC1A-F9F5BD791F4C} = {2ED95764-7185-426A-956F-CCB4394FAD54}
		{637C6277-6CCA-428B-9483-6158963F49A7} = {2ED95764-7185-426A-956F-CCB4394FAD54}
		{3AA984DC-22BE-41DE-B156-61941F3A0761} = {5315DD30-2050-45B2-B7B9-2A63DD4AEE98}
		{AB7FB77C-5D28-490F-A4EC-0FCBD2A366B1} = {5315DD30-2050-45B2-B7B9-2A63DD4AEE98}
		{ABB10CF3-54F1-4C7A-8E16-5B5D158B0591} = {13EB2779-874D-4A4C-9B29-EF541F0DCF30}
		{5C9DCA5B-E4D8-449A-B9CD-AE5CCF8FD5F2} = {515B2F16-0AD5-4749-9E59-E656DE9EC723}
		{1907407A-F864-4697-A7B7-EA4A3FE976BD} = {515B2F16-0AD5-4749-9E59-E656DE9EC723}
		{C5496796-86C7-48FE-B897-1C8E3CAD41B8} = {CF56B7B4-A657-424E-8B43-B493E4D368F3}
		{90EFE387-2175-4E28-8DAC-F6E2015A5BDB} = {CF56B7B4-A657-424E-8B43-B493E4D368F3}
		{517188AC-2B38-4DC2-AABE-B24A232C4533} = {5005ED78-AFA8-4684-875A-79474C195CA6}
		{35D85453-F0A7-43FD-9B9C-462F18E7644C} = {5005ED78-AFA8-4684-875A-79474C195CA6}
		{AE4AAE0F-AE2F-4D56-BAE1-7E722E2DB32F} = {AE5F6FA6-E9A0-495D-B7DB-F820E6F00703}
		{F2CE7480-3697-4E2B-A06B-6B37440EBAEF} = {AE5F6FA6-E9A0-495D-B7DB-F820E6F00703}
		{BB00A181-4C19-4C28-BE98-FAE7EC348A5A} = {AE5F6FA6-E9A0-495D-B7DB-F820E6F00703}
		{F57911D0-5659-4CBC-A719-3BDEA8993097} = {A53BAFD3-E910-4FAB-8FB6-DF66B175882C}
		{8B3418AC-2BAC-4D88-BAC2-67AFBED4DEC4} = {A53BAFD3-E910-4FAB-8FB6-DF66B175882C}
		{F4DF86F5-7BAE-487E-925A-02FC68F012C1} = {B28C2081-945B-4977-AB55-A09BB7804789}
		{FFED456D-80F8-4E3C-A603-08C11BEF654A} = {B28C2081-945B-4977-AB55-A09BB7804789}
		{E8B9DD6E-94EA-4341-BE7E-1076A422B2A4} = {FDDAA357-AD01-4305-87D6-2820F719DCB8}
		{C6483AE7-9642-4107-80B3-63D9F4FF593D} = {FDDAA357-AD01-4305-87D6-2820F719DCB8}
		{7FB62F93-2E14-4B69-8A44-E471852A57DF} = {72A9C86E-BC39-4F43-AF09-D47EDC7B9A97}
		{44009BD8-80BB-47B1-A301-939934EEDB32} = {72A9C86E-BC39-4F43-AF09-D47EDC7B9A97}
		{FEA2D345-20D7-44B6-AE6B-5661C2864ABC} = {187AC8D8-7617-4B83-8848-C33604EB800E}
		{46231C4B-0DF1-4858-87A2-BFF26E933190} = {187AC8D8-7617-4B83-8848-C33604EB800E}
		{EDF925C3-F847-4323-A320-4965A3FEFB8D} = {50F7E0A2-B01D-43C8-8CFE-4ED77C855CA1}
		{840E3C49-26A9-4DAC-86B5-0BCFFB17E8A5} = {50F7E0A2-B01D-43C8-8CFE-4ED77C855CA1}
		{63EFAA7D-4F8D-4E34-8407-BBAA16CCE5F9} = {44DEE132-2702-47A8-8085-C343392C09EA}
		{0035A078-7052-421C-8F72-08C3CF423718} = {44DEE132-2702-47A8-8085-C343392C09EA}
	EndGlobalSection
	GlobalSection(ExtensibilityGlobals) = postSolution
		SolutionGuid = {D1C8576E-21AD-4353-8591-F4FF9C6578B1}
	EndGlobalSection
EndGlobal
